
Microsoft Visual Studio Solution File, Format Version 12.00
# Visual Studio 15
VisualStudioVersion = 15.0.28010.2026
MinimumVisualStudioVersion = 10.0.40219.1
Project("{FAE04EC0-301F-11D3-BF4B-00C04F79EFBC}") = "CodeCrafTed", "CodeCrafTed\CodeCrafTed.csproj", "{E31E5B47-78EC-44DD-A1C9-09213A714FFC}"
EndProject
Global
	GlobalSection(SolutionConfigurationPlatforms) = preSolution
		Debug|Any CPU = Debug|Any CPU
		Release|Any CPU = Release|Any CPU
	EndGlobalSection
	GlobalSection(ProjectConfigurationPlatforms) = postSolution
		{E31E5B47-78EC-44DD-A1C9-09213A714FFC}.Debug|Any CPU.ActiveCfg = Debug|Any CPU
		{E31E5B47-78EC-44DD-A1C9-09213A714FFC}.Debug|Any CPU.Build.0 = Debug|Any CPU
		{E31E5B47-78EC-44DD-A1C9-09213A714FFC}.Release|Any CPU.ActiveCfg = Release|Any CPU
		{E31E5B47-78EC-44DD-A1C9-09213A714FFC}.Release|Any CPU.Build.0 = Release|Any CPU
	EndGlobalSection
	GlobalSection(SolutionProperties) = preSolution
		HideSolutionNode = FALSE
	EndGlobalSection
	GlobalSection(ExtensibilityGlobals) = postSolution
		SolutionGuid = {5759A5F9-455B-460D-B1FA-D25936DEDA75}
	EndGlobalSection
EndGlobal
